<?xml version="1.0" encoding="utf-8"?>
<Project ToolsVersion="17.0" xmlns="http://schemas.microsoft.com/developer/msbuild/2003">
  <ItemGroup>
    <CustomBuild Include="C:\Users\abdas\OneDrive\Desktop\BasicEngine-master (2)\BasicEngine-master\binaries\CMakeFiles\c2501bfcca8511f28cd5c4afe8c0f5cf\INSTALL_force.rule">
      <Filter>CMake Rules</Filter>
    </CustomBuild>
  </ItemGroup>
  <ItemGroup>
    <Filter Include="CMake Rules">
      <UniqueIdentifier>{62166D9D-E422-302D-93C0-9DA32ECA13F0}</UniqueIdentifier>
    </Filter>
  </ItemGroup>
</Project>
